
Microsoft Visual Studio Solution File, Format Version 12.00
# Visual Studio 15
VisualStudioVersion = 15.0.28307.1525
MinimumVisualStudioVersion = 10.0.40219.1
Project("{FAE04EC0-301F-11D3-BF4B-00C04F79EFBC}") = "GoProOffloaderer", "GoProOffloaderer.csproj", "{37785D80-3347-4AD9-A439-BC9C685F8E58}"
EndProject
Global
	GlobalSection(SolutionConfigurationPlatforms) = preSolution
		Debug|Any CPU = Debug|Any CPU
		Release|Any CPU = Release|Any CPU
	EndGlobalSection
	GlobalSection(ProjectConfigurationPlatforms) = postSolution
		{37785D80-3347-4AD9-A439-BC9C685F8E58}.Debug|Any CPU.ActiveCfg = Debug|Any CPU
		{37785D80-3347-4AD9-A439-BC9C685F8E58}.Debug|Any CPU.Build.0 = Debug|Any CPU
		{37785D80-3347-4AD9-A439-BC9C685F8E58}.Release|Any CPU.ActiveCfg = Release|Any CPU
		{37785D80-3347-4AD9-A439-BC9C685F8E58}.Release|Any CPU.Build.0 = Release|Any CPU
	EndGlobalSection
	GlobalSection(SolutionProperties) = preSolution
		HideSolutionNode = FALSE
	EndGlobalSection
	GlobalSection(ExtensibilityGlobals) = postSolution
		SolutionGuid = {DCCADD9C-F375-4985-BC79-568AEF6318BF}
	EndGlobalSection
EndGlobal
